
Microsoft Visual Studio Solution File, Format Version 12.00
# Visual Studio Version 17
VisualStudioVersion = 17.5.33424.131
MinimumVisualStudioVersion = 10.0.40219.1
Project("{FAE04EC0-301F-11D3-BF4B-00C04F79EFBC}") = "hanafi", "hanafi\hanafi.csproj", "{4857B63A-976F-48B1-BE2A-1BC7FDB8DD5B}"
EndProject
Global
	GlobalSection(SolutionConfigurationPlatforms) = preSolution
		Debug|Any CPU = Debug|Any CPU
		Release|Any CPU = Release|Any CPU
	EndGlobalSection
	GlobalSection(ProjectConfigurationPlatforms) = postSolution
		{4857B63A-976F-48B1-BE2A-1BC7FDB8DD5B}.Debug|Any CPU.ActiveCfg = Debug|Any CPU
		{4857B63A-976F-48B1-BE2A-1BC7FDB8DD5B}.Debug|Any CPU.Build.0 = Debug|Any CPU
		{4857B63A-976F-48B1-BE2A-1BC7FDB8DD5B}.Release|Any CPU.ActiveCfg = Release|Any CPU
		{4857B63A-976F-48B1-BE2A-1BC7FDB8DD5B}.Release|Any CPU.Build.0 = Release|Any CPU
	EndGlobalSection
	GlobalSection(SolutionProperties) = preSolution
		HideSolutionNode = FALSE
	EndGlobalSection
	GlobalSection(ExtensibilityGlobals) = postSolution
		SolutionGuid = {E9532412-B3EF-4FF2-8244-58C7A92B4558}
	EndGlobalSection
EndGlobal
